// !$*UTF8*$!
{
	archiveVersion = 1;
	classes = {
	};
	objectVersion = 50;
	objects = {

/* Begin PBXBuildFile section */
		9A32E78121A40A9C00D9D510 /* LocationTracker.swift in Sources */ = {isa = PBXBuildFile; fileRef = 9A32E78021A40A9C00D9D510 /* LocationTracker.swift */; };
		9A3E6B2C21A2BF0700DC2839 /* AppDelegate.swift in Sources */ = {isa = PBXBuildFile; fileRef = 9A3E6B2B21A2BF0700DC2839 /* AppDelegate.swift */; };
		9A3E6B2E21A2BF0700DC2839 /* ViewController.swift in Sources */ = {isa = PBXBuildFile; fileRef = 9A3E6B2D21A2BF0700DC2839 /* ViewController.swift */; };
		9A3E6B3121A2BF0700DC2839 /* Main.storyboard in Resources */ = {isa = PBXBuildFile; fileRef = 9A3E6B2F21A2BF0700DC2839 /* Main.storyboard */; };
		9A3E6B3321A2BF0900DC2839 /* Assets.xcassets in Resources */ = {isa = PBXBuildFile; fileRef = 9A3E6B3221A2BF0900DC2839 /* Assets.xcassets */; };
		9A3E6B3621A2BF0900DC2839 /* LaunchScreen.storyboard in Resources */ = {isa = PBXBuildFile; fileRef = 9A3E6B3421A2BF0900DC2839 /* LaunchScreen.storyboard */; };
		9A7291D62211896500DDDADD /* mapstogpx20190207_115833.gpx in Resources */ = {isa = PBXBuildFile; fileRef = 9A7291D52211896500DDDADD /* mapstogpx20190207_115833.gpx */; };
		A4FA8FB05A072E8EFC505F40 /* Pods_UberAnimation.framework in Frameworks */ = {isa = PBXBuildFile; fileRef = 607DC8A74E5CE5C4F507E02B /* Pods_UberAnimation.framework */; };
/* End PBXBuildFile section */

/* Begin PBXFileReference section */
		32999302C2F8CDDD1AE24274 /* Pods-UberAnimation.debug.xcconfig */ = {isa = PBXFileReference; includeInIndex = 1; lastKnownFileType = text.xcconfig; name = "Pods-UberAnimation.debug.xcconfig"; path = "Pods/Target Support Files/Pods-UberAnimation/Pods-UberAnimation.debug.xcconfig"; sourceTree = "<group>"; };
		5BB2F7C592E1FB251B351E62 /* Pods-UberAnimation.release.xcconfig */ = {isa = PBXFileReference; includeInIndex = 1; lastKnownFileType = text.xcconfig; name = "Pods-UberAnimation.release.xcconfig"; path = "Pods/Target Support Files/Pods-UberAnimation/Pods-UberAnimation.release.xcconfig"; sourceTree = "<group>"; };
		607DC8A74E5CE5C4F507E02B /* Pods_UberAnimation.framework */ = {isa = PBXFileReference; explicitFileType = wrapper.framework; includeInIndex = 0; path = Pods_UberAnimation.framework; sourceTree = BUILT_PRODUCTS_DIR; };
		9A32E78021A40A9C00D9D510 /* LocationTracker.swift */ = {isa = PBXFileReference; fileEncoding = 4; lastKnownFileType = sourcecode.swift; path = LocationTracker.swift; sourceTree = "<group>"; };
		9A3E6B2821A2BF0700DC2839 /* UberCarAnimation.app */ = {isa = PBXFileReference; explicitFileType = wrapper.application; includeInIndex = 0; path = UberCarAnimation.app; sourceTree = BUILT_PRODUCTS_DIR; };
		9A3E6B2B21A2BF0700DC2839 /* AppDelegate.swift */ = {isa = PBXFileReference; lastKnownFileType = sourcecode.swift; path = AppDelegate.swift; sourceTree = "<group>"; };
		9A3E6B2D21A2BF0700DC2839 /* ViewController.swift */ = {isa = PBXFileReference; lastKnownFileType = sourcecode.swift; path = ViewController.swift; sourceTree = "<group>"; };
		9A3E6B3021A2BF0700DC2839 /* Base */ = {isa = PBXFileReference; lastKnownFileType = file.storyboard; name = Base; path = Base.lproj/Main.storyboard; sourceTree = "<group>"; };
		9A3E6B3221A2BF0900DC2839 /* Assets.xcassets */ = {isa = PBXFileReference; lastKnownFileType = folder.assetcatalog; path = Assets.xcassets; sourceTree = "<group>"; };
		9A3E6B3521A2BF0900DC2839 /* Base */ = {isa = PBXFileReference; lastKnownFileType = file.storyboard; name = Base; path = Base.lproj/LaunchScreen.storyboard; sourceTree = "<group>"; };
		9A3E6B3721A2BF0900DC2839 /* Info.plist */ = {isa = PBXFileReference; lastKnownFileType = text.plist.xml; path = Info.plist; sourceTree = "<group>"; };
		9A7291D52211896500DDDADD /* mapstogpx20190207_115833.gpx */ = {isa = PBXFileReference; fileEncoding = 4; lastKnownFileType = text.xml; path = mapstogpx20190207_115833.gpx; sourceTree = "<group>"; };
/* End PBXFileReference section */

/* Begin PBXFrameworksBuildPhase section */
		9A3E6B2521A2BF0700DC2839 /* Frameworks */ = {
			isa = PBXFrameworksBuildPhase;
			buildActionMask = 2147483647;
			files = (
				A4FA8FB05A072E8EFC505F40 /* Pods_UberAnimation.framework in Frameworks */,
			);
			runOnlyForDeploymentPostprocessing = 0;
		};
/* End PBXFrameworksBuildPhase section */

/* Begin PBXGroup section */
		5C14AD1E99C5FB095179F724 /* Frameworks */ = {
			isa = PBXGroup;
			children = (
				607DC8A74E5CE5C4F507E02B /* Pods_UberAnimation.framework */,
			);
			name = Frameworks;
			sourceTree = "<group>";
		};
		9A3E6B1F21A2BF0700DC2839 = {
			isa = PBXGroup;
			children = (
				9A3E6B2A21A2BF0700DC2839 /* UberAnimation */,
				9A3E6B2921A2BF0700DC2839 /* Products */,
				C66202415529189433BAF208 /* Pods */,
				5C14AD1E99C5FB095179F724 /* Frameworks */,
			);
			sourceTree = "<group>";
		};
		9A3E6B2921A2BF0700DC2839 /* Products */ = {
			isa = PBXGroup;
			children = (
				9A3E6B2821A2BF0700DC2839 /* UberCarAnimation.app */,
			);
			name = Products;
			sourceTree = "<group>";
		};
		9A3E6B2A21A2BF0700DC2839 /* UberAnimation */ = {
			isa = PBXGroup;
			children = (
				9A7291D52211896500DDDADD /* mapstogpx20190207_115833.gpx */,
				9A3E6B2B21A2BF0700DC2839 /* AppDelegate.swift */,
				9A3E6B2D21A2BF0700DC2839 /* ViewController.swift */,
				9A32E78021A40A9C00D9D510 /* LocationTracker.swift */,
				9A3E6B2F21A2BF0700DC2839 /* Main.storyboard */,
				9A3E6B3221A2BF0900DC2839 /* Assets.xcassets */,
				9A3E6B3421A2BF0900DC2839 /* LaunchScreen.storyboard */,
				9A3E6B3721A2BF0900DC2839 /* Info.plist */,
			);
			path = UberAnimation;
			sourceTree = "<group>";
		};
		C66202415529189433BAF208 /* Pods */ = {
			isa = PBXGroup;
			children = (
				32999302C2F8CDDD1AE24274 /* Pods-UberAnimation.debug.xcconfig */,
				5BB2F7C592E1FB251B351E62 /* Pods-UberAnimation.release.xcconfig */,
			);
			name = Pods;
			sourceTree = "<group>";
		};
/* End PBXGroup section */

/* Begin PBXNativeTarget section */
		9A3E6B2721A2BF0700DC2839 /* UberCarAnimation */ = {
			isa = PBXNativeTarget;
			buildConfigurationList = 9A3E6B3A21A2BF0900DC2839 /* Build configuration list for PBXNativeTarget "UberCarAnimation" */;
			buildPhases = (
				FA060097B47E15095336A40C /* [CP] Check Pods Manifest.lock */,
				9A3E6B2421A2BF0700DC2839 /* Sources */,
				9A3E6B2521A2BF0700DC2839 /* Frameworks */,
				9A3E6B2621A2BF0700DC2839 /* Resources */,
				442DA5AAD69C0777F1069F27 /* [CP] Copy Pods Resources */,
			);
			buildRules = (
			);
			dependencies = (
			);
			name = UberCarAnimation;
			productName = UberAnimation;
			productReference = 9A3E6B2821A2BF0700DC2839 /* UberCarAnimation.app */;
			productType = "com.apple.product-type.application";
		};
/* End PBXNativeTarget section */

/* Begin PBXProject section */
		9A3E6B2021A2BF0700DC2839 /* Project object */ = {
			isa = PBXProject;
			attributes = {
				LastSwiftUpdateCheck = 1010;
				LastUpgradeCheck = 1010;
				ORGANIZATIONNAME = "Mac mini";
				TargetAttributes = {
					9A3E6B2721A2BF0700DC2839 = {
						CreatedOnToolsVersion = 10.1;
						SystemCapabilities = {
							com.apple.BackgroundModes = {
								enabled = 1;
							};
						};
					};
				};
			};
			buildConfigurationList = 9A3E6B2321A2BF0700DC2839 /* Build configuration list for PBXProject "UberCarAnimation" */;
			compatibilityVersion = "Xcode 9.3";
			developmentRegion = en;
			hasScannedForEncodings = 0;
			knownRegions = (
				en,
				Base,
			);
			mainGroup = 9A3E6B1F21A2BF0700DC2839;
			productRefGroup = 9A3E6B2921A2BF0700DC2839 /* Products */;
			projectDirPath = "";
			projectRoot = "";
			targets = (
				9A3E6B2721A2BF0700DC2839 /* UberCarAnimation */,
			);
		};
/* End PBXProject section */

/* Begin PBXResourcesBuildPhase section */
		9A3E6B2621A2BF0700DC2839 /* Resources */ = {
			isa = PBXResourcesBuildPhase;
			buildActionMask = 2147483647;
			files = (
				9A3E6B3621A2BF0900DC2839 /* LaunchScreen.storyboard in Resources */,
				9A7291D62211896500DDDADD /* mapstogpx20190207_115833.gpx in Resources */,
				9A3E6B3321A2BF0900DC2839 /* Assets.xcassets in Resources */,
				9A3E6B3121A2BF0700DC2839 /* Main.storyboard in Resources */,
			);
			runOnlyForDeploymentPostprocessing = 0;
		};
/* End PBXResourcesBuildPhase section */

/* Begin PBXShellScriptBuildPhase section */
		442DA5AAD69C0777F1069F27 /* [CP] Copy Pods Resources */ = {
			isa = PBXShellScriptBuildPhase;
			buildActionMask = 2147483647;
			files = (
			);
			inputPaths = (
				"${SRCROOT}/Pods/Target Support Files/Pods-UberAnimation/Pods-UberAnimation-resources.sh",
				"${PODS_ROOT}/GoogleMaps/Maps/Frameworks/GoogleMaps.framework/Resources/GoogleMaps.bundle",
				"${PODS_ROOT}/GooglePlaces/Frameworks/GooglePlaces.framework/Resources/GooglePlaces.bundle",
			);
			name = "[CP] Copy Pods Resources";
			outputPaths = (
				"${TARGET_BUILD_DIR}/${UNLOCALIZED_RESOURCES_FOLDER_PATH}/GoogleMaps.bundle",
				"${TARGET_BUILD_DIR}/${UNLOCALIZED_RESOURCES_FOLDER_PATH}/GooglePlaces.bundle",
			);
			runOnlyForDeploymentPostprocessing = 0;
			shellPath = /bin/sh;
			shellScript = "\"${SRCROOT}/Pods/Target Support Files/Pods-UberAnimation/Pods-UberAnimation-resources.sh\"\n";
			showEnvVarsInLog = 0;
		};
		FA060097B47E15095336A40C /* [CP] Check Pods Manifest.lock */ = {
			isa = PBXShellScriptBuildPhase;
			buildActionMask = 2147483647;
			files = (
			);
			inputPaths = (
				"${PODS_PODFILE_DIR_PATH}/Podfile.lock",
				"${PODS_ROOT}/Manifest.lock",
			);
			name = "[CP] Check Pods Manifest.lock";
			outputPaths = (
				"$(DERIVED_FILE_DIR)/Pods-UberAnimation-checkManifestLockResult.txt",
			);
			runOnlyForDeploymentPostprocessing = 0;
			shellPath = /bin/sh;
			shellScript = "diff \"${PODS_PODFILE_DIR_PATH}/Podfile.lock\" \"${PODS_ROOT}/Manifest.lock\" > /dev/null\nif [ $? != 0 ] ; then\n    # print error to STDERR\n    echo \"error: The sandbox is not in sync with the Podfile.lock. Run 'pod install' or update your CocoaPods installation.\" >&2\n    exit 1\nfi\n# This output is used by Xcode 'outputs' to avoid re-running this script phase.\necho \"SUCCESS\" > \"${SCRIPT_OUTPUT_FILE_0}\"\n";
			showEnvVarsInLog = 0;
		};
/* End PBXShellScriptBuildPhase section */

/* Begin PBXSourcesBuildPhase section */
		9A3E6B2421A2BF0700DC2839 /* Sources */ = {
			isa = PBXSourcesBuildPhase;
			buildActionMask = 2147483647;
			files = (
				9A3E6B2E21A2BF0700DC2839 /* ViewController.swift in Sources */,
				9A32E78121A40A9C00D9D510 /* LocationTracker.swift in Sources */,
				9A3E6B2C21A2BF0700DC2839 /* AppDelegate.swift in Sources */,
			);
			runOnlyForDeploymentPostprocessing = 0;
		};
/* End PBXSourcesBuildPhase section */

/* Begin PBXVariantGroup section */
		9A3E6B2F21A2BF0700DC2839 /* Main.storyboard */ = {
			isa = PBXVariantGroup;
			children = (
				9A3E6B3021A2BF0700DC2839 /* Base */,
			);
			name = Main.storyboard;
			sourceTree = "<group>";
		};
		9A3E6B3421A2BF0900DC2839 /* LaunchScreen.storyboard */ = {
			isa = PBXVariantGroup;
			children = (
				9A3E6B3521A2BF0900DC2839 /* Base */,
			);
			name = LaunchScreen.storyboard;
			sourceTree = "<group>";
		};
/* End PBXVariantGroup section */

/* Begin XCBuildConfiguration section */
		9A3E6B3821A2BF0900DC2839 /* Debug */ = {
			isa = XCBuildConfiguration;
			buildSettings = {
				ALWAYS_SEARCH_USER_PATHS = NO;
				CLANG_ANALYZER_NONNULL = YES;
				CLANG_ANALYZER_NUMBER_OBJECT_CONVERSION = YES_AGGRESSIVE;
				CLANG_CXX_LANGUAGE_STANDARD = "gnu++14";
				CLANG_CXX_LIBRARY = "libc++";
				CLANG_ENABLE_MODULES = YES;
				CLANG_ENABLE_OBJC_ARC = YES;
				CLANG_ENABLE_OBJC_WEAK = YES;
				CLANG_WARN_BLOCK_CAPTURE_AUTORELEASING = YES;
				CLANG_WARN_BOOL_CONVERSION = YES;
				CLANG_WARN_COMMA = YES;
				CLANG_WARN_CONSTANT_CONVERSION = YES;
				CLANG_WARN_DEPRECATED_OBJC_IMPLEMENTATIONS = YES;
				CLANG_WARN_DIRECT_OBJC_ISA_USAGE = YES_ERROR;
				CLANG_WARN_DOCUMENTATION_COMMENTS = YES;
				CLANG_WARN_EMPTY_BODY = YES;
				CLANG_WARN_ENUM_CONVERSION = YES;
				CLANG_WARN_INFINITE_RECURSION = YES;
				CLANG_WARN_INT_CONVERSION = YES;
				CLANG_WARN_NON_LITERAL_NULL_CONVERSION = YES;
				CLANG_WARN_OBJC_IMPLICIT_RETAIN_SELF = YES;
				CLANG_WARN_OBJC_LITERAL_CONVERSION = YES;
				CLANG_WARN_OBJC_ROOT_CLASS = YES_ERROR;
				CLANG_WARN_RANGE_LOOP_ANALYSIS = YES;
				CLANG_WARN_STRICT_PROTOTYPES = YES;
				CLANG_WARN_SUSPICIOUS_MOVE = YES;
				CLANG_WARN_UNGUARDED_AVAILABILITY = YES_AGGRESSIVE;
				CLANG_WARN_UNREACHABLE_CODE = YES;
				CLANG_WARN__DUPLICATE_METHOD_MATCH = YES;
				CODE_SIGN_IDENTITY = "iPhone Developer";
				COPY_PHASE_STRIP = NO;
				DEBUG_INFORMATION_FORMAT = dwarf;
				ENABLE_STRICT_OBJC_MSGSEND = YES;
				ENABLE_TESTABILITY = YES;
				GCC_C_LANGUAGE_STANDARD = gnu11;
				GCC_DYNAMIC_NO_PIC = NO;
				GCC_NO_COMMON_BLOCKS = YES;
				GCC_OPTIMIZATION_LEVEL = 0;
				GCC_PREPROCESSOR_DEFINITIONS = (
					"DEBUG=1",
					"$(inherited)",
				);
				GCC_WARN_64_TO_32_BIT_CONVERSION = YES;
				GCC_WARN_ABOUT_RETURN_TYPE = YES_ERROR;
				GCC_WARN_UNDECLARED_SELECTOR = YES;
				GCC_WARN_UNINITIALIZED_AUTOS = YES_AGGRESSIVE;
				GCC_WARN_UNUSED_FUNCTION = YES;
				GCC_WARN_UNUSED_VARIABLE = YES;
				IPHONEOS_DEPLOYMENT_TARGET = 12.1;
				MTL_ENABLE_DEBUG_INFO = INCLUDE_SOURCE;
				MTL_FAST_MATH = YES;
				ONLY_ACTIVE_ARCH = YES;
				SDKROOT = iphoneos;
				SWIFT_ACTIVE_COMPILATION_CONDITIONS = DEBUG;
				SWIFT_OPTIMIZATION_LEVEL = "-Onone";
			};
			name = Debug;
		};
		9A3E6B3921A2BF0900DC2839 /* Release */ = {
			isa = XCBuildConfiguration;
			buildSettings = {
				ALWAYS_SEARCH_USER_PATHS = NO;
				CLANG_ANALYZER_NONNULL = YES;
				CLANG_ANALYZER_NUMBER_OBJECT_CONVERSION = YES_AGGRESSIVE;
				CLANG_CXX_LANGUAGE_STANDARD = "gnu++14";
				CLANG_CXX_LIBRARY = "libc++";
				CLANG_ENABLE_MODULES = YES;
				CLANG_ENABLE_OBJC_ARC = YES;
				CLANG_ENABLE_OBJC_WEAK = YES;
				CLANG_WARN_BLOCK_CAPTURE_AUTORELEASING = YES;
				CLANG_WARN_BOOL_CONVERSION = YES;
				CLANG_WARN_COMMA = YES;
				CLANG_WARN_CONSTANT_CONVERSION = YES;
				CLANG_WARN_DEPRECATED_OBJC_IMPLEMENTATIONS = YES;
				CLANG_WARN_DIRECT_OBJC_ISA_USAGE = YES_ERROR;
				CLANG_WARN_DOCUMENTATION_COMMENTS = YES;
				CLANG_WARN_EMPTY_BODY = YES;
				CLANG_WARN_ENUM_CONVERSION = YES;
				CLANG_WARN_INFINITE_RECURSION = YES;
				CLANG_WARN_INT_CONVERSION = YES;
				CLANG_WARN_NON_LITERAL_NULL_CONVERSION = YES;
				CLANG_WARN_OBJC_IMPLICIT_RETAIN_SELF = YES;
				CLANG_WARN_OBJC_LITERAL_CONVERSION = YES;
				CLANG_WARN_OBJC_ROOT_CLASS = YES_ERROR;
				CLANG_WARN_RANGE_LOOP_ANALYSIS = YES;
				CLANG_WARN_STRICT_PROTOTYPES = YES;
				CLANG_WARN_SUSPICIOUS_MOVE = YES;
				CLANG_WARN_UNGUARDED_AVAILABILITY = YES_AGGRESSIVE;
				CLANG_WARN_UNREACHABLE_CODE = YES;
				CLANG_WARN__DUPLICATE_METHOD_MATCH = YES;
				CODE_SIGN_IDENTITY = "iPhone Developer";
				COPY_PHASE_STRIP = NO;
				DEBUG_INFORMATION_FORMAT = "dwarf-with-dsym";
				ENABLE_NS_ASSERTIONS = NO;
				ENABLE_STRICT_OBJC_MSGSEND = YES;
				GCC_C_LANGUAGE_STANDARD = gnu11;
				GCC_NO_COMMON_BLOCKS = YES;
				GCC_WARN_64_TO_32_BIT_CONVERSION = YES;
				GCC_WARN_ABOUT_RETURN_TYPE = YES_ERROR;
				GCC_WARN_UNDECLARED_SELECTOR = YES;
				GCC_WARN_UNINITIALIZED_AUTOS = YES_AGGRESSIVE;
				GCC_WARN_UNUSED_FUNCTION = YES;
				GCC_WARN_UNUSED_VARIABLE = YES;
				IPHONEOS_DEPLOYMENT_TARGET = 12.1;
				MTL_ENABLE_DEBUG_INFO = NO;
				MTL_FAST_MATH = YES;
				SDKROOT = iphoneos;
				SWIFT_COMPILATION_MODE = wholemodule;
				SWIFT_OPTIMIZATION_LEVEL = "-O";
				VALIDATE_PRODUCT = YES;
			};
			name = Release;
		};
		9A3E6B3B21A2BF0900DC2839 /* Debug */ = {
			isa = XCBuildConfiguration;
			baseConfigurationReference = 32999302C2F8CDDD1AE24274 /* Pods-UberAnimation.debug.xcconfig */;
			buildSettings = {
				ASSETCATALOG_COMPILER_APPICON_NAME = AppIcon;
				CODE_SIGN_STYLE = Automatic;
				DEVELOPMENT_TEAM = ZNSAX2A46B;
				INFOPLIST_FILE = UberAnimation/Info.plist;
				LD_RUNPATH_SEARCH_PATHS = (
					"$(inherited)",
					"@executable_path/Frameworks",
				);
				PRODUCT_BUNDLE_IDENTIFIER = com.gitHub.suryakant.UberAnimation;
				PRODUCT_NAME = "$(TARGET_NAME)";
				SWIFT_VERSION = 4.2;
				TARGETED_DEVICE_FAMILY = "1,2";
			};
			name = Debug;
		};
		9A3E6B3C21A2BF0900DC2839 /* Release */ = {
			isa = XCBuildConfiguration;
			baseConfigurationReference = 5BB2F7C592E1FB251B351E62 /* Pods-UberAnimation.release.xcconfig */;
			buildSettings = {
				ASSETCATALOG_COMPILER_APPICON_NAME = AppIcon;
				CODE_SIGN_STYLE = Automatic;
				DEVELOPMENT_TEAM = ZNSAX2A46B;
				INFOPLIST_FILE = UberAnimation/Info.plist;
				LD_RUNPATH_SEARCH_PATHS = (
					"$(inherited)",
					"@executable_path/Frameworks",
				);
				PRODUCT_BUNDLE_IDENTIFIER = com.gitHub.suryakant.UberAnimation;
				PRODUCT_NAME = "$(TARGET_NAME)";
				SWIFT_VERSION = 4.2;
				TARGETED_DEVICE_FAMILY = "1,2";
			};
			name = Release;
		};
/* End XCBuildConfiguration section */

/* Begin XCConfigurationList section */
		9A3E6B2321A2BF0700DC2839 /* Build configuration list for PBXProject "UberCarAnimation" */ = {
			isa = XCConfigurationList;
			buildConfigurations = (
				9A3E6B3821A2BF0900DC2839 /* Debug */,
				9A3E6B3921A2BF0900DC2839 /* Release */,
			);
			defaultConfigurationIsVisible = 0;
			defaultConfigurationName = Release;
		};
		9A3E6B3A21A2BF0900DC2839 /* Build configuration list for PBXNativeTarget "UberCarAnimation" */ = {
			isa = XCConfigurationList;
			buildConfigurations = (
				9A3E6B3B21A2BF0900DC2839 /* Debug */,
				9A3E6B3C21A2BF0900DC2839 /* Release */,
			);
			defaultConfigurationIsVisible = 0;
			defaultConfigurationName = Release;
		};
/* End XCConfigurationList section */
	};
	rootObject = 9A3E6B2021A2BF0700DC2839 /* Project object */;
}
