PODS:
  - GoogleMaps (3.4.0):
    - GoogleMaps/Maps (= 3.4.0)
  - GoogleMaps/Base (3.4.0)
  - GoogleMaps/Maps (3.4.0):
    - GoogleMaps/Base

DEPENDENCIES:
  - GoogleMaps

SPEC REPOS:
  trunk:
    - GoogleMaps

SPEC CHECKSUMS:
  GoogleMaps: 67f4a604f80dd6a22d09c2a507a3a395b9f23060

PODFILE CHECKSUM: 627a725ee2bb4df7fd5fea69f6319836ae20960f

COCOAPODS: 1.8.1
